<?xml version="1.0" encoding="utf-8"?>
<Project ToolsVersion="4.0" xmlns="http://schemas.microsoft.com/developer/msbuild/2003">
  <ItemGroup>
    <Filter Include="Source Files">
      <UniqueIdentifier>{4FC737F1-C7A5-4376-A066-2A32D752A2FF}</UniqueIdentifier>
      <Extensions>cpp;c;cc;cxx;def;odl;idl;hpj;bat;asm;asmx</Extensions>
    </Filter>
    <Filter Include="Header Files">
      <UniqueIdentifier>{93995380-89BD-4b04-88EB-625FBE52EBFB}</UniqueIdentifier>
      <Extensions>h;hh;hpp;hxx;hm;inl;inc;xsd</Extensions>
    </Filter>
    <Filter Include="Resource Files">
      <UniqueIdentifier>{67DA6AB6-F800-4c08-8B7A-83BB121AAD01}</UniqueIdentifier>
      <Extensions>rc;ico;cur;bmp;dlg;rc2;rct;bin;rgs;gif;jpg;jpeg;jpe;resx;tiff;tif;png;wav;mfcribbon-ms</Extensions>
    </Filter>
    <Filter Include="Source Files\boost">
      <UniqueIdentifier>{b1db8ce2-39d5-4e30-b14e-e1ac6310a04a}</UniqueIdentifier>
    </Filter>
    <Filter Include="Header Files\utils">
      <UniqueIdentifier>{75599cad-d730-4443-adee-0d15b1245244}</UniqueIdentifier>
    </Filter>
    <Filter Include="Source Files\utils">
      <UniqueIdentifier>{cdde072e-a22f-4b83-89d9-e24325630a0f}</UniqueIdentifier>
    </Filter>
    <Filter Include="pch">
      <UniqueIdentifier>{777e89c7-8bef-4d50-9d55-5a44678fb00e}</UniqueIdentifier>
    </Filter>
    <Filter Include="Source Files\system">
      <UniqueIdentifier>{1411b98f-1a1f-43f0-9d2b-a2c5f9c5e3af}</UniqueIdentifier>
    </Filter>
    <Filter Include="Source Files\system\graphics">
      <UniqueIdentifier>{c066a9c1-9a42-49e8-9f7e-c1f05d144898}</UniqueIdentifier>
    </Filter>
    <Filter Include="Source Files\system\graphics\ogl">
      <UniqueIdentifier>{ed55dd35-42cc-47db-a996-0c95811ba83a}</UniqueIdentifier>
    </Filter>
    <Filter Include="Source Files\system\graphics\ogl\details">
      <UniqueIdentifier>{c270c7d7-7f2e-4295-852e-baa73e1640b3}</UniqueIdentifier>
    </Filter>
    <Filter Include="Source Files\system\graphics\window">
      <UniqueIdentifier>{d47a288e-61ca-4613-b5e6-dac2175a025a}</UniqueIdentifier>
    </Filter>
    <Filter Include="Source Files\system\graphics\window\details">
      <UniqueIdentifier>{59d4c222-d137-4630-a137-fe1d07a48be7}</UniqueIdentifier>
    </Filter>
  </ItemGroup>
  <ItemGroup>
    <ClCompile Include="main.cpp">
      <Filter>Source Files</Filter>
    </ClCompile>
    <ClCompile Include="folder_monitor.cpp">
      <Filter>Source Files\utils</Filter>
    </ClCompile>
    <ClCompile Include="options.cpp">
      <Filter>Source Files\utils</Filter>
    </ClCompile>
    <ClCompile Include="system_utils.cpp">
      <Filter>Source Files\utils</Filter>
    </ClCompile>
    <ClCompile Include="emptiness_pch.cpp">
      <Filter>pch</Filter>
    </ClCompile>
    <ClCompile Include="system\graphics\ogl\ogl.cpp">
      <Filter>Source Files\system\graphics\ogl</Filter>
    </ClCompile>
    <ClCompile Include="system\graphics\window\window.cpp">
      <Filter>Source Files\system\graphics\window</Filter>
    </ClCompile>
    <ClCompile Include="system\graphics\ogl\gl_utils.cpp">
      <Filter>Source Files\system\graphics\ogl</Filter>
    </ClCompile>
    <ClCompile Include="application.cpp">
      <Filter>Source Files</Filter>
    </ClCompile>
  </ItemGroup>
  <ItemGroup>
    <None Include="packages.config" />
  </ItemGroup>
  <ItemGroup>
    <ClInclude Include="folder_monitor.hpp">
      <Filter>Header Files\utils</Filter>
    </ClInclude>
    <ClInclude Include="gl_utils.hpp">
      <Filter>Header Files\utils</Filter>
    </ClInclude>
    <ClInclude Include="options.hpp">
      <Filter>Header Files\utils</Filter>
    </ClInclude>
    <ClInclude Include="system_utils.hpp">
      <Filter>Header Files\utils</Filter>
    </ClInclude>
    <ClInclude Include="emptiness_pch.hpp">
      <Filter>pch</Filter>
    </ClInclude>
    <ClInclude Include="system\graphics\graphics.hpp">
      <Filter>Source Files\system\graphics</Filter>
    </ClInclude>
    <ClInclude Include="system\graphics\ogl\ogl.hpp">
      <Filter>Source Files\system\graphics\ogl</Filter>
    </ClInclude>
    <ClInclude Include="system\graphics\ogl\detail.hpp">
      <Filter>Source Files\system\graphics\ogl\details</Filter>
    </ClInclude>
    <ClInclude Include="system\graphics\window\window.hpp">
      <Filter>Source Files\system\graphics\window</Filter>
    </ClInclude>
    <ClInclude Include="system\graphics\window\detail\detail.hpp">
      <Filter>Source Files\system\graphics\window\details</Filter>
    </ClInclude>
    <ClInclude Include="system\graphics\window\event\event.hpp">
      <Filter>Source Files\system\graphics\window</Filter>
    </ClInclude>
    <ClInclude Include="application.hpp">
      <Filter>Source Files</Filter>
    </ClInclude>
    <ClInclude Include="system\graphics\window\detail\event_converter.hpp">
      <Filter>Source Files\system\graphics\window\details</Filter>
    </ClInclude>
    <ClInclude Include="system\graphics\window\detail\strong_type.hpp">
      <Filter>Source Files\system\graphics\window\details</Filter>
    </ClInclude>
  </ItemGroup>
  <ItemGroup>
    <ResourceCompile Include="shaders\shaders.rc">
      <Filter>Resource Files</Filter>
    </ResourceCompile>
  </ItemGroup>
</Project>